
Microsoft Visual Studio Solution File, Format Version 12.00
# Visual Studio 15
VisualStudioVersion = 15.0.26923.0
MinimumVisualStudioVersion = 10.0.40219.1
Project("{FAE04EC0-301F-11D3-BF4B-00C04F79EFBC}") = "Stepon.FaceRecognizationCore", "Stepon.FaceRecognizationCore\Stepon.FaceRecognizationCore.csproj", "{70BA83AC-2864-41C1-A79A-7C3A94A3326B}"
EndProject
Project("{FAE04EC0-301F-11D3-BF4B-00C04F79EFBC}") = "ConsoleApp", "ConsoleApp\ConsoleApp.csproj", "{1F0133CE-A511-4271-856B-EA97C0D96A44}"
EndProject
Global
	GlobalSection(SolutionConfigurationPlatforms) = preSolution
		Debug|Any CPU = Debug|Any CPU
		Debug|x64 = Debug|x64
		Release|Any CPU = Release|Any CPU
		Release|x64 = Release|x64
	EndGlobalSection
	GlobalSection(ProjectConfigurationPlatforms) = postSolution
		{70BA83AC-2864-41C1-A79A-7C3A94A3326B}.Debug|Any CPU.ActiveCfg = Debug|Any CPU
		{70BA83AC-2864-41C1-A79A-7C3A94A3326B}.Debug|Any CPU.Build.0 = Debug|Any CPU
		{70BA83AC-2864-41C1-A79A-7C3A94A3326B}.Debug|x64.ActiveCfg = Debug|x64
		{70BA83AC-2864-41C1-A79A-7C3A94A3326B}.Debug|x64.Build.0 = Debug|x64
		{70BA83AC-2864-41C1-A79A-7C3A94A3326B}.Release|Any CPU.ActiveCfg = Release|Any CPU
		{70BA83AC-2864-41C1-A79A-7C3A94A3326B}.Release|Any CPU.Build.0 = Release|Any CPU
		{70BA83AC-2864-41C1-A79A-7C3A94A3326B}.Release|x64.ActiveCfg = Release|x64
		{70BA83AC-2864-41C1-A79A-7C3A94A3326B}.Release|x64.Build.0 = Release|x64
		{1F0133CE-A511-4271-856B-EA97C0D96A44}.Debug|Any CPU.ActiveCfg = Debug|Any CPU
		{1F0133CE-A511-4271-856B-EA97C0D96A44}.Debug|Any CPU.Build.0 = Debug|Any CPU
		{1F0133CE-A511-4271-856B-EA97C0D96A44}.Debug|x64.ActiveCfg = Debug|Any CPU
		{1F0133CE-A511-4271-856B-EA97C0D96A44}.Debug|x64.Build.0 = Debug|Any CPU
		{1F0133CE-A511-4271-856B-EA97C0D96A44}.Release|Any CPU.ActiveCfg = Release|Any CPU
		{1F0133CE-A511-4271-856B-EA97C0D96A44}.Release|Any CPU.Build.0 = Release|Any CPU
		{1F0133CE-A511-4271-856B-EA97C0D96A44}.Release|x64.ActiveCfg = Release|Any CPU
		{1F0133CE-A511-4271-856B-EA97C0D96A44}.Release|x64.Build.0 = Release|Any CPU
	EndGlobalSection
	GlobalSection(SolutionProperties) = preSolution
		HideSolutionNode = FALSE
	EndGlobalSection
	GlobalSection(ExtensibilityGlobals) = postSolution
		SolutionGuid = {51DFBB52-D3AD-4253-A15B-72F6BD250658}
	EndGlobalSection
EndGlobal
